
Microsoft Visual Studio Solution File, Format Version 12.00
# Visual Studio 15
VisualStudioVersion = 15.0.28307.1321
MinimumVisualStudioVersion = 10.0.40219.1
Project("{FAE04EC0-301F-11D3-BF4B-00C04F79EFBC}") = "TrackerLibrary", "TrackerLibrary\TrackerLibrary.csproj", "{FAF62442-D37A-4900-B856-0377321DDDC2}"
EndProject
Project("{FAE04EC0-301F-11D3-BF4B-00C04F79EFBC}") = "TrackerUI", "TrackerUI\TrackerUI.csproj", "{7B3524FB-A830-4749-9035-47A63B50C0EB}"
EndProject
Global
	GlobalSection(SolutionConfigurationPlatforms) = preSolution
		Debug|Any CPU = Debug|Any CPU
		Release|Any CPU = Release|Any CPU
	EndGlobalSection
	GlobalSection(ProjectConfigurationPlatforms) = postSolution
		{FAF62442-D37A-4900-B856-0377321DDDC2}.Debug|Any CPU.ActiveCfg = Debug|Any CPU
		{FAF62442-D37A-4900-B856-0377321DDDC2}.Debug|Any CPU.Build.0 = Debug|Any CPU
		{FAF62442-D37A-4900-B856-0377321DDDC2}.Release|Any CPU.ActiveCfg = Release|Any CPU
		{FAF62442-D37A-4900-B856-0377321DDDC2}.Release|Any CPU.Build.0 = Release|Any CPU
		{7B3524FB-A830-4749-9035-47A63B50C0EB}.Debug|Any CPU.ActiveCfg = Debug|Any CPU
		{7B3524FB-A830-4749-9035-47A63B50C0EB}.Debug|Any CPU.Build.0 = Debug|Any CPU
		{7B3524FB-A830-4749-9035-47A63B50C0EB}.Release|Any CPU.ActiveCfg = Release|Any CPU
		{7B3524FB-A830-4749-9035-47A63B50C0EB}.Release|Any CPU.Build.0 = Release|Any CPU
	EndGlobalSection
	GlobalSection(SolutionProperties) = preSolution
		HideSolutionNode = FALSE
	EndGlobalSection
	GlobalSection(ExtensibilityGlobals) = postSolution
		SolutionGuid = {8597C5B4-6714-4F75-87A7-572A6616DB40}
	EndGlobalSection
EndGlobal
